
Microsoft Visual Studio Solution File, Format Version 12.00
# Visual Studio Version 17
VisualStudioVersion = 17.14.36301.6 d17.14
MinimumVisualStudioVersion = 10.0.40219.1
Project("{FAE04EC0-301F-11D3-BF4B-00C04F79EFBC}") = "MultiplicationTable", "MultiplicationTable.csproj", "{8327F6BF-5B94-4798-BEC4-52D78CD3D3DC}"
EndProject
Global
	GlobalSection(SolutionConfigurationPlatforms) = preSolution
		Debug|Any CPU = Debug|Any CPU
		Release|Any CPU = Release|Any CPU
	EndGlobalSection
	GlobalSection(ProjectConfigurationPlatforms) = postSolution
		{8327F6BF-5B94-4798-BEC4-52D78CD3D3DC}.Debug|Any CPU.ActiveCfg = Debug|Any CPU
		{8327F6BF-5B94-4798-BEC4-52D78CD3D3DC}.Debug|Any CPU.Build.0 = Debug|Any CPU
		{8327F6BF-5B94-4798-BEC4-52D78CD3D3DC}.Release|Any CPU.ActiveCfg = Release|Any CPU
		{8327F6BF-5B94-4798-BEC4-52D78CD3D3DC}.Release|Any CPU.Build.0 = Release|Any CPU
	EndGlobalSection
	GlobalSection(SolutionProperties) = preSolution
		HideSolutionNode = FALSE
	EndGlobalSection
	GlobalSection(ExtensibilityGlobals) = postSolution
		SolutionGuid = {A0BA9E91-867A-4C98-8711-DF0E6562D233}
	EndGlobalSection
EndGlobal
